{
  "requires": true,
  "lockfileVersion": 1,
  "dependencies": {
    "js-tokens": {
      "version": "4.0.0",
      "resolved": "https://registry.npmjs.org/js-tokens/-/js-tokens-4.0.0.tgz",
      "integrity": "sha512-RdJUflcE3cUzKiMqQgsCu06FPu9UdIJO0beYbPhHN4k6apgJtifcoCtT9bcxOpYBtpD2kCM6Sbzg4CausW/PKQ=="
    },
    "loose-envify": {
      "version": "1.4.0",
      "resolved": "https://registry.npmjs.org/loose-envify/-/loose-envify-1.4.0.tgz",
      "integrity": "sha512-lyuxPGr/Wfhrlem2CL/UcnUc1zcqKAImBDzukY7Y5F/yQiNdko6+fRLevlw1HgMySw7f611UIY408EtxRSoK3Q==",
      "requires": {
        "js-tokens": "^3.0.0 || ^4.0.0"
      }
    },
    "object-assign": {
      "version": "4.1.1",
      "resolved": "https://registry.npmjs.org/object-assign/-/object-assign-4.1.1.tgz",
      "integrity": "sha1-IQmtx5ZYh8/AXLvUQsrIv7s2CGM="
    },
    "prop-types": {
      "version": "15.6.2",
      "resolved": "https://registry.npmjs.org/prop-types/-/prop-types-15.6.2.tgz",
      "integrity": "sha512-3pboPvLiWD7dkI3qf3KbUe6hKFKa52w+AE0VCqECtf+QHAKgOL37tTaNCnuX1nAAQ4ZhyP+kYVKf8rLmJ/feDQ==",
      "requires": {
        "loose-envify": "^1.3.1",
        "object-assign": "^4.1.1"
      }
    },
    "react-ga": {
      "version": "2.5.7",
      "resolved": "https://registry.npmjs.org/react-ga/-/react-ga-2.5.7.tgz",
      "integrity": "sha512-UmATFaZpEQDO96KFjB5FRLcT6hFcwaxOmAJZnjrSiFN/msTqylq9G+z5Z8TYzN/dbamDTiWf92m6MnXXJkAivQ=="
    },
    "react-mic": {
      "version": "12.4.1",
      "resolved": "https://registry.npmjs.org/react-mic/-/react-mic-12.4.1.tgz",
      "integrity": "sha512-l580F9Mv6NRslSQj+80azx2rr/5OjWISEsjXx2GXBXcLvnT9vGeSYHzFVwDhGBjo/cj25AzXDg+rSp4Bz/qS2w==",
      "requires": {
        "prop-types": "^15.5.10",
        "react-ga": "^2.2.0"
      }
    }
  }
}
